// !$*UTF8*$!
{
	archiveVersion = 1;
	classes = {
	};
	objectVersion = 50;
	objects = {

/* Begin PBXBuildFile section */
		B54FD618258C55B400FF223D /* ChatRoom.storyboard in Resources */ = {isa = PBXBuildFile; fileRef = B54FD617258C55B400FF223D /* ChatRoom.storyboard */; };
		B54FD61D258C564C00FF223D /* ChatRoomViewController.swift in Sources */ = {isa = PBXBuildFile; fileRef = B54FD61C258C564C00FF223D /* ChatRoomViewController.swift */; };
		B54FD622258C613D00FF223D /* ChatRoomTableViewCell.xib in Resources */ = {isa = PBXBuildFile; fileRef = B54FD621258C613D00FF223D /* ChatRoomTableViewCell.xib */; };
		B54FD62C258C6C9F00FF223D /* ChatRoomTableViewCell.swift in Sources */ = {isa = PBXBuildFile; fileRef = B54FD62B258C6C9F00FF223D /* ChatRoomTableViewCell.swift */; };
		B56BC45D258C39A7006A15B5 /* UIColor-extension.swift in Sources */ = {isa = PBXBuildFile; fileRef = B56BC45C258C39A7006A15B5 /* UIColor-extension.swift */; };
		B572DF472589ABB200D2DBE9 /* AppDelegate.swift in Sources */ = {isa = PBXBuildFile; fileRef = B572DF462589ABB200D2DBE9 /* AppDelegate.swift */; };
		B572DF492589ABB200D2DBE9 /* SceneDelegate.swift in Sources */ = {isa = PBXBuildFile; fileRef = B572DF482589ABB200D2DBE9 /* SceneDelegate.swift */; };
		B572DF502589ABB200D2DBE9 /* Assets.xcassets in Resources */ = {isa = PBXBuildFile; fileRef = B572DF4F2589ABB200D2DBE9 /* Assets.xcassets */; };
		B572DF532589ABB200D2DBE9 /* LaunchScreen.storyboard in Resources */ = {isa = PBXBuildFile; fileRef = B572DF512589ABB200D2DBE9 /* LaunchScreen.storyboard */; };
		B572DF5E2589ABB300D2DBE9 /* ChatAppWithFirebaseTests.swift in Sources */ = {isa = PBXBuildFile; fileRef = B572DF5D2589ABB300D2DBE9 /* ChatAppWithFirebaseTests.swift */; };
		B572DF692589ABB300D2DBE9 /* ChatAppWithFirebaseUITests.swift in Sources */ = {isa = PBXBuildFile; fileRef = B572DF682589ABB300D2DBE9 /* ChatAppWithFirebaseUITests.swift */; };
		B572DF7A2589AC4800D2DBE9 /* ChatList.storyboard in Resources */ = {isa = PBXBuildFile; fileRef = B572DF792589AC4800D2DBE9 /* ChatList.storyboard */; };
		B572DF822589ACCD00D2DBE9 /* ChatListViewController.swift in Sources */ = {isa = PBXBuildFile; fileRef = B572DF812589ACCD00D2DBE9 /* ChatListViewController.swift */; };
/* End PBXBuildFile section */

/* Begin PBXContainerItemProxy section */
		B572DF5A2589ABB300D2DBE9 /* PBXContainerItemProxy */ = {
			isa = PBXContainerItemProxy;
			containerPortal = B572DF3B2589ABB100D2DBE9 /* Project object */;
			proxyType = 1;
			remoteGlobalIDString = B572DF422589ABB100D2DBE9;
			remoteInfo = ChatAppWithFirebase;
		};
		B572DF652589ABB300D2DBE9 /* PBXContainerItemProxy */ = {
			isa = PBXContainerItemProxy;
			containerPortal = B572DF3B2589ABB100D2DBE9 /* Project object */;
			proxyType = 1;
			remoteGlobalIDString = B572DF422589ABB100D2DBE9;
			remoteInfo = ChatAppWithFirebase;
		};
/* End PBXContainerItemProxy section */

/* Begin PBXFileReference section */
		B54FD617258C55B400FF223D /* ChatRoom.storyboard */ = {isa = PBXFileReference; lastKnownFileType = file.storyboard; path = ChatRoom.storyboard; sourceTree = "<group>"; };
		B54FD61C258C564C00FF223D /* ChatRoomViewController.swift */ = {isa = PBXFileReference; lastKnownFileType = sourcecode.swift; path = ChatRoomViewController.swift; sourceTree = "<group>"; };
		B54FD621258C613D00FF223D /* ChatRoomTableViewCell.xib */ = {isa = PBXFileReference; lastKnownFileType = file.xib; path = ChatRoomTableViewCell.xib; sourceTree = "<group>"; };
		B54FD62B258C6C9F00FF223D /* ChatRoomTableViewCell.swift */ = {isa = PBXFileReference; lastKnownFileType = sourcecode.swift; path = ChatRoomTableViewCell.swift; sourceTree = "<group>"; };
		B56BC45C258C39A7006A15B5 /* UIColor-extension.swift */ = {isa = PBXFileReference; lastKnownFileType = sourcecode.swift; path = "UIColor-extension.swift"; sourceTree = "<group>"; };
		B572DF432589ABB200D2DBE9 /* ChatAppWithFirebase.app */ = {isa = PBXFileReference; explicitFileType = wrapper.application; includeInIndex = 0; path = ChatAppWithFirebase.app; sourceTree = BUILT_PRODUCTS_DIR; };
		B572DF462589ABB200D2DBE9 /* AppDelegate.swift */ = {isa = PBXFileReference; lastKnownFileType = sourcecode.swift; path = AppDelegate.swift; sourceTree = "<group>"; };
		B572DF482589ABB200D2DBE9 /* SceneDelegate.swift */ = {isa = PBXFileReference; lastKnownFileType = sourcecode.swift; path = SceneDelegate.swift; sourceTree = "<group>"; };
		B572DF4F2589ABB200D2DBE9 /* Assets.xcassets */ = {isa = PBXFileReference; lastKnownFileType = folder.assetcatalog; path = Assets.xcassets; sourceTree = "<group>"; };
		B572DF522589ABB200D2DBE9 /* Base */ = {isa = PBXFileReference; lastKnownFileType = file.storyboard; name = Base; path = Base.lproj/LaunchScreen.storyboard; sourceTree = "<group>"; };
		B572DF542589ABB200D2DBE9 /* Info.plist */ = {isa = PBXFileReference; lastKnownFileType = text.plist.xml; path = Info.plist; sourceTree = "<group>"; };
		B572DF592589ABB300D2DBE9 /* ChatAppWithFirebaseTests.xctest */ = {isa = PBXFileReference; explicitFileType = wrapper.cfbundle; includeInIndex = 0; path = ChatAppWithFirebaseTests.xctest; sourceTree = BUILT_PRODUCTS_DIR; };
		B572DF5D2589ABB300D2DBE9 /* ChatAppWithFirebaseTests.swift */ = {isa = PBXFileReference; lastKnownFileType = sourcecode.swift; path = ChatAppWithFirebaseTests.swift; sourceTree = "<group>"; };
		B572DF5F2589ABB300D2DBE9 /* Info.plist */ = {isa = PBXFileReference; lastKnownFileType = text.plist.xml; path = Info.plist; sourceTree = "<group>"; };
		B572DF642589ABB300D2DBE9 /* ChatAppWithFirebaseUITests.xctest */ = {isa = PBXFileReference; explicitFileType = wrapper.cfbundle; includeInIndex = 0; path = ChatAppWithFirebaseUITests.xctest; sourceTree = BUILT_PRODUCTS_DIR; };
		B572DF682589ABB300D2DBE9 /* ChatAppWithFirebaseUITests.swift */ = {isa = PBXFileReference; lastKnownFileType = sourcecode.swift; path = ChatAppWithFirebaseUITests.swift; sourceTree = "<group>"; };
		B572DF6A2589ABB300D2DBE9 /* Info.plist */ = {isa = PBXFileReference; lastKnownFileType = text.plist.xml; path = Info.plist; sourceTree = "<group>"; };
		B572DF792589AC4800D2DBE9 /* ChatList.storyboard */ = {isa = PBXFileReference; lastKnownFileType = file.storyboard; path = ChatList.storyboard; sourceTree = "<group>"; };
		B572DF812589ACCD00D2DBE9 /* ChatListViewController.swift */ = {isa = PBXFileReference; lastKnownFileType = sourcecode.swift; path = ChatListViewController.swift; sourceTree = "<group>"; };
/* End PBXFileReference section */

/* Begin PBXFrameworksBuildPhase section */
		B572DF402589ABB100D2DBE9 /* Frameworks */ = {
			isa = PBXFrameworksBuildPhase;
			buildActionMask = 2147483647;
			files = (
			);
			runOnlyForDeploymentPostprocessing = 0;
		};
		B572DF562589ABB300D2DBE9 /* Frameworks */ = {
			isa = PBXFrameworksBuildPhase;
			buildActionMask = 2147483647;
			files = (
			);
			runOnlyForDeploymentPostprocessing = 0;
		};
		B572DF612589ABB300D2DBE9 /* Frameworks */ = {
			isa = PBXFrameworksBuildPhase;
			buildActionMask = 2147483647;
			files = (
			);
			runOnlyForDeploymentPostprocessing = 0;
		};
/* End PBXFrameworksBuildPhase section */

/* Begin PBXGroup section */
		B572DF3A2589ABB100D2DBE9 = {
			isa = PBXGroup;
			children = (
				B572DF452589ABB200D2DBE9 /* ChatAppWithFirebase */,
				B572DF5C2589ABB300D2DBE9 /* ChatAppWithFirebaseTests */,
				B572DF672589ABB300D2DBE9 /* ChatAppWithFirebaseUITests */,
				B572DF442589ABB200D2DBE9 /* Products */,
			);
			sourceTree = "<group>";
		};
		B572DF442589ABB200D2DBE9 /* Products */ = {
			isa = PBXGroup;
			children = (
				B572DF432589ABB200D2DBE9 /* ChatAppWithFirebase.app */,
				B572DF592589ABB300D2DBE9 /* ChatAppWithFirebaseTests.xctest */,
				B572DF642589ABB300D2DBE9 /* ChatAppWithFirebaseUITests.xctest */,
			);
			name = Products;
			sourceTree = "<group>";
		};
		B572DF452589ABB200D2DBE9 /* ChatAppWithFirebase */ = {
			isa = PBXGroup;
			children = (
				B5D2B31D258B2957000D6986 /* StoryBoards */,
				B5D2B31C258B2937000D6986 /* Controllers */,
				B572DF462589ABB200D2DBE9 /* AppDelegate.swift */,
				B572DF482589ABB200D2DBE9 /* SceneDelegate.swift */,
				B56BC45C258C39A7006A15B5 /* UIColor-extension.swift */,
				B572DF4F2589ABB200D2DBE9 /* Assets.xcassets */,
				B572DF512589ABB200D2DBE9 /* LaunchScreen.storyboard */,
				B572DF542589ABB200D2DBE9 /* Info.plist */,
				B54FD62B258C6C9F00FF223D /* ChatRoomTableViewCell.swift */,
			);
			path = ChatAppWithFirebase;
			sourceTree = "<group>";
		};
		B572DF5C2589ABB300D2DBE9 /* ChatAppWithFirebaseTests */ = {
			isa = PBXGroup;
			children = (
				B572DF5D2589ABB300D2DBE9 /* ChatAppWithFirebaseTests.swift */,
				B572DF5F2589ABB300D2DBE9 /* Info.plist */,
			);
			path = ChatAppWithFirebaseTests;
			sourceTree = "<group>";
		};
		B572DF672589ABB300D2DBE9 /* ChatAppWithFirebaseUITests */ = {
			isa = PBXGroup;
			children = (
				B572DF682589ABB300D2DBE9 /* ChatAppWithFirebaseUITests.swift */,
				B572DF6A2589ABB300D2DBE9 /* Info.plist */,
			);
			path = ChatAppWithFirebaseUITests;
			sourceTree = "<group>";
		};
		B5D2B31C258B2937000D6986 /* Controllers */ = {
			isa = PBXGroup;
			children = (
				B572DF812589ACCD00D2DBE9 /* ChatListViewController.swift */,
				B54FD61C258C564C00FF223D /* ChatRoomViewController.swift */,
				B54FD621258C613D00FF223D /* ChatRoomTableViewCell.xib */,
			);
			path = Controllers;
			sourceTree = "<group>";
		};
		B5D2B31D258B2957000D6986 /* StoryBoards */ = {
			isa = PBXGroup;
			children = (
				B572DF792589AC4800D2DBE9 /* ChatList.storyboard */,
				B54FD617258C55B400FF223D /* ChatRoom.storyboard */,
			);
			path = StoryBoards;
			sourceTree = "<group>";
		};
/* End PBXGroup section */

/* Begin PBXNativeTarget section */
		B572DF422589ABB100D2DBE9 /* ChatAppWithFirebase */ = {
			isa = PBXNativeTarget;
			buildConfigurationList = B572DF6D2589ABB300D2DBE9 /* Build configuration list for PBXNativeTarget "ChatAppWithFirebase" */;
			buildPhases = (
				B572DF3F2589ABB100D2DBE9 /* Sources */,
				B572DF402589ABB100D2DBE9 /* Frameworks */,
				B572DF412589ABB100D2DBE9 /* Resources */,
			);
			buildRules = (
			);
			dependencies = (
			);
			name = ChatAppWithFirebase;
			productName = ChatAppWithFirebase;
			productReference = B572DF432589ABB200D2DBE9 /* ChatAppWithFirebase.app */;
			productType = "com.apple.product-type.application";
		};
		B572DF582589ABB300D2DBE9 /* ChatAppWithFirebaseTests */ = {
			isa = PBXNativeTarget;
			buildConfigurationList = B572DF702589ABB300D2DBE9 /* Build configuration list for PBXNativeTarget "ChatAppWithFirebaseTests" */;
			buildPhases = (
				B572DF552589ABB300D2DBE9 /* Sources */,
				B572DF562589ABB300D2DBE9 /* Frameworks */,
				B572DF572589ABB300D2DBE9 /* Resources */,
			);
			buildRules = (
			);
			dependencies = (
				B572DF5B2589ABB300D2DBE9 /* PBXTargetDependency */,
			);
			name = ChatAppWithFirebaseTests;
			productName = ChatAppWithFirebaseTests;
			productReference = B572DF592589ABB300D2DBE9 /* ChatAppWithFirebaseTests.xctest */;
			productType = "com.apple.product-type.bundle.unit-test";
		};
		B572DF632589ABB300D2DBE9 /* ChatAppWithFirebaseUITests */ = {
			isa = PBXNativeTarget;
			buildConfigurationList = B572DF732589ABB300D2DBE9 /* Build configuration list for PBXNativeTarget "ChatAppWithFirebaseUITests" */;
			buildPhases = (
				B572DF602589ABB300D2DBE9 /* Sources */,
				B572DF612589ABB300D2DBE9 /* Frameworks */,
				B572DF622589ABB300D2DBE9 /* Resources */,
			);
			buildRules = (
			);
			dependencies = (
				B572DF662589ABB300D2DBE9 /* PBXTargetDependency */,
			);
			name = ChatAppWithFirebaseUITests;
			productName = ChatAppWithFirebaseUITests;
			productReference = B572DF642589ABB300D2DBE9 /* ChatAppWithFirebaseUITests.xctest */;
			productType = "com.apple.product-type.bundle.ui-testing";
		};
/* End PBXNativeTarget section */

/* Begin PBXProject section */
		B572DF3B2589ABB100D2DBE9 /* Project object */ = {
			isa = PBXProject;
			attributes = {
				LastSwiftUpdateCheck = 1220;
				LastUpgradeCheck = 1220;
				TargetAttributes = {
					B572DF422589ABB100D2DBE9 = {
						CreatedOnToolsVersion = 12.2;
					};
					B572DF582589ABB300D2DBE9 = {
						CreatedOnToolsVersion = 12.2;
						TestTargetID = B572DF422589ABB100D2DBE9;
					};
					B572DF632589ABB300D2DBE9 = {
						CreatedOnToolsVersion = 12.2;
						TestTargetID = B572DF422589ABB100D2DBE9;
					};
				};
			};
			buildConfigurationList = B572DF3E2589ABB100D2DBE9 /* Build configuration list for PBXProject "ChatAppWithFirebase" */;
			compatibilityVersion = "Xcode 9.3";
			developmentRegion = en;
			hasScannedForEncodings = 0;
			knownRegions = (
				en,
				Base,
			);
			mainGroup = B572DF3A2589ABB100D2DBE9;
			productRefGroup = B572DF442589ABB200D2DBE9 /* Products */;
			projectDirPath = "";
			projectRoot = "";
			targets = (
				B572DF422589ABB100D2DBE9 /* ChatAppWithFirebase */,
				B572DF582589ABB300D2DBE9 /* ChatAppWithFirebaseTests */,
				B572DF632589ABB300D2DBE9 /* ChatAppWithFirebaseUITests */,
			);
		};
/* End PBXProject section */

/* Begin PBXResourcesBuildPhase section */
		B572DF412589ABB100D2DBE9 /* Resources */ = {
			isa = PBXResourcesBuildPhase;
			buildActionMask = 2147483647;
			files = (
				B54FD622258C613D00FF223D /* ChatRoomTableViewCell.xib in Resources */,
				B572DF532589ABB200D2DBE9 /* LaunchScreen.storyboard in Resources */,
				B572DF502589ABB200D2DBE9 /* Assets.xcassets in Resources */,
				B572DF7A2589AC4800D2DBE9 /* ChatList.storyboard in Resources */,
				B54FD618258C55B400FF223D /* ChatRoom.storyboard in Resources */,
			);
			runOnlyForDeploymentPostprocessing = 0;
		};
		B572DF572589ABB300D2DBE9 /* Resources */ = {
			isa = PBXResourcesBuildPhase;
			buildActionMask = 2147483647;
			files = (
			);
			runOnlyForDeploymentPostprocessing = 0;
		};
		B572DF622589ABB300D2DBE9 /* Resources */ = {
			isa = PBXResourcesBuildPhase;
			buildActionMask = 2147483647;
			files = (
			);
			runOnlyForDeploymentPostprocessing = 0;
		};
/* End PBXResourcesBuildPhase section */

/* Begin PBXSourcesBuildPhase section */
		B572DF3F2589ABB100D2DBE9 /* Sources */ = {
			isa = PBXSourcesBuildPhase;
			buildActionMask = 2147483647;
			files = (
				B572DF472589ABB200D2DBE9 /* AppDelegate.swift in Sources */,
				B56BC45D258C39A7006A15B5 /* UIColor-extension.swift in Sources */,
				B54FD61D258C564C00FF223D /* ChatRoomViewController.swift in Sources */,
				B572DF822589ACCD00D2DBE9 /* ChatListViewController.swift in Sources */,
				B54FD62C258C6C9F00FF223D /* ChatRoomTableViewCell.swift in Sources */,
				B572DF492589ABB200D2DBE9 /* SceneDelegate.swift in Sources */,
			);
			runOnlyForDeploymentPostprocessing = 0;
		};
		B572DF552589ABB300D2DBE9 /* Sources */ = {
			isa = PBXSourcesBuildPhase;
			buildActionMask = 2147483647;
			files = (
				B572DF5E2589ABB300D2DBE9 /* ChatAppWithFirebaseTests.swift in Sources */,
			);
			runOnlyForDeploymentPostprocessing = 0;
		};
		B572DF602589ABB300D2DBE9 /* Sources */ = {
			isa = PBXSourcesBuildPhase;
			buildActionMask = 2147483647;
			files = (
				B572DF692589ABB300D2DBE9 /* ChatAppWithFirebaseUITests.swift in Sources */,
			);
			runOnlyForDeploymentPostprocessing = 0;
		};
/* End PBXSourcesBuildPhase section */

/* Begin PBXTargetDependency section */
		B572DF5B2589ABB300D2DBE9 /* PBXTargetDependency */ = {
			isa = PBXTargetDependency;
			target = B572DF422589ABB100D2DBE9 /* ChatAppWithFirebase */;
			targetProxy = B572DF5A2589ABB300D2DBE9 /* PBXContainerItemProxy */;
		};
		B572DF662589ABB300D2DBE9 /* PBXTargetDependency */ = {
			isa = PBXTargetDependency;
			target = B572DF422589ABB100D2DBE9 /* ChatAppWithFirebase */;
			targetProxy = B572DF652589ABB300D2DBE9 /* PBXContainerItemProxy */;
		};
/* End PBXTargetDependency section */

/* Begin PBXVariantGroup section */
		B572DF512589ABB200D2DBE9 /* LaunchScreen.storyboard */ = {
			isa = PBXVariantGroup;
			children = (
				B572DF522589ABB200D2DBE9 /* Base */,
			);
			name = LaunchScreen.storyboard;
			sourceTree = "<group>";
		};
/* End PBXVariantGroup section */

/* Begin XCBuildConfiguration section */
		B572DF6B2589ABB300D2DBE9 /* Debug */ = {
			isa = XCBuildConfiguration;
			buildSettings = {
				ALWAYS_SEARCH_USER_PATHS = NO;
				CLANG_ANALYZER_NONNULL = YES;
				CLANG_ANALYZER_NUMBER_OBJECT_CONVERSION = YES_AGGRESSIVE;
				CLANG_CXX_LANGUAGE_STANDARD = "gnu++14";
				CLANG_CXX_LIBRARY = "libc++";
				CLANG_ENABLE_MODULES = YES;
				CLANG_ENABLE_OBJC_ARC = YES;
				CLANG_ENABLE_OBJC_WEAK = YES;
				CLANG_WARN_BLOCK_CAPTURE_AUTORELEASING = YES;
				CLANG_WARN_BOOL_CONVERSION = YES;
				CLANG_WARN_COMMA = YES;
				CLANG_WARN_CONSTANT_CONVERSION = YES;
				CLANG_WARN_DEPRECATED_OBJC_IMPLEMENTATIONS = YES;
				CLANG_WARN_DIRECT_OBJC_ISA_USAGE = YES_ERROR;
				CLANG_WARN_DOCUMENTATION_COMMENTS = YES;
				CLANG_WARN_EMPTY_BODY = YES;
				CLANG_WARN_ENUM_CONVERSION = YES;
				CLANG_WARN_INFINITE_RECURSION = YES;
				CLANG_WARN_INT_CONVERSION = YES;
				CLANG_WARN_NON_LITERAL_NULL_CONVERSION = YES;
				CLANG_WARN_OBJC_IMPLICIT_RETAIN_SELF = YES;
				CLANG_WARN_OBJC_LITERAL_CONVERSION = YES;
				CLANG_WARN_OBJC_ROOT_CLASS = YES_ERROR;
				CLANG_WARN_QUOTED_INCLUDE_IN_FRAMEWORK_HEADER = YES;
				CLANG_WARN_RANGE_LOOP_ANALYSIS = YES;
				CLANG_WARN_STRICT_PROTOTYPES = YES;
				CLANG_WARN_SUSPICIOUS_MOVE = YES;
				CLANG_WARN_UNGUARDED_AVAILABILITY = YES_AGGRESSIVE;
				CLANG_WARN_UNREACHABLE_CODE = YES;
				CLANG_WARN__DUPLICATE_METHOD_MATCH = YES;
				COPY_PHASE_STRIP = NO;
				DEBUG_INFORMATION_FORMAT = dwarf;
				ENABLE_STRICT_OBJC_MSGSEND = YES;
				ENABLE_TESTABILITY = YES;
				GCC_C_LANGUAGE_STANDARD = gnu11;
				GCC_DYNAMIC_NO_PIC = NO;
				GCC_NO_COMMON_BLOCKS = YES;
				GCC_OPTIMIZATION_LEVEL = 0;
				GCC_PREPROCESSOR_DEFINITIONS = (
					"DEBUG=1",
					"$(inherited)",
				);
				GCC_WARN_64_TO_32_BIT_CONVERSION = YES;
				GCC_WARN_ABOUT_RETURN_TYPE = YES_ERROR;
				GCC_WARN_UNDECLARED_SELECTOR = YES;
				GCC_WARN_UNINITIALIZED_AUTOS = YES_AGGRESSIVE;
				GCC_WARN_UNUSED_FUNCTION = YES;
				GCC_WARN_UNUSED_VARIABLE = YES;
				IPHONEOS_DEPLOYMENT_TARGET = 14.2;
				MTL_ENABLE_DEBUG_INFO = INCLUDE_SOURCE;
				MTL_FAST_MATH = YES;
				ONLY_ACTIVE_ARCH = YES;
				SDKROOT = iphoneos;
				SWIFT_ACTIVE_COMPILATION_CONDITIONS = DEBUG;
				SWIFT_OPTIMIZATION_LEVEL = "-Onone";
			};
			name = Debug;
		};
		B572DF6C2589ABB300D2DBE9 /* Release */ = {
			isa = XCBuildConfiguration;
			buildSettings = {
				ALWAYS_SEARCH_USER_PATHS = NO;
				CLANG_ANALYZER_NONNULL = YES;
				CLANG_ANALYZER_NUMBER_OBJECT_CONVERSION = YES_AGGRESSIVE;
				CLANG_CXX_LANGUAGE_STANDARD = "gnu++14";
				CLANG_CXX_LIBRARY = "libc++";
				CLANG_ENABLE_MODULES = YES;
				CLANG_ENABLE_OBJC_ARC = YES;
				CLANG_ENABLE_OBJC_WEAK = YES;
				CLANG_WARN_BLOCK_CAPTURE_AUTORELEASING = YES;
				CLANG_WARN_BOOL_CONVERSION = YES;
				CLANG_WARN_COMMA = YES;
				CLANG_WARN_CONSTANT_CONVERSION = YES;
				CLANG_WARN_DEPRECATED_OBJC_IMPLEMENTATIONS = YES;
				CLANG_WARN_DIRECT_OBJC_ISA_USAGE = YES_ERROR;
				CLANG_WARN_DOCUMENTATION_COMMENTS = YES;
				CLANG_WARN_EMPTY_BODY = YES;
				CLANG_WARN_ENUM_CONVERSION = YES;
				CLANG_WARN_INFINITE_RECURSION = YES;
				CLANG_WARN_INT_CONVERSION = YES;
				CLANG_WARN_NON_LITERAL_NULL_CONVERSION = YES;
				CLANG_WARN_OBJC_IMPLICIT_RETAIN_SELF = YES;
				CLANG_WARN_OBJC_LITERAL_CONVERSION = YES;
				CLANG_WARN_OBJC_ROOT_CLASS = YES_ERROR;
				CLANG_WARN_QUOTED_INCLUDE_IN_FRAMEWORK_HEADER = YES;
				CLANG_WARN_RANGE_LOOP_ANALYSIS = YES;
				CLANG_WARN_STRICT_PROTOTYPES = YES;
				CLANG_WARN_SUSPICIOUS_MOVE = YES;
				CLANG_WARN_UNGUARDED_AVAILABILITY = YES_AGGRESSIVE;
				CLANG_WARN_UNREACHABLE_CODE = YES;
				CLANG_WARN__DUPLICATE_METHOD_MATCH = YES;
				COPY_PHASE_STRIP = NO;
				DEBUG_INFORMATION_FORMAT = "dwarf-with-dsym";
				ENABLE_NS_ASSERTIONS = NO;
				ENABLE_STRICT_OBJC_MSGSEND = YES;
				GCC_C_LANGUAGE_STANDARD = gnu11;
				GCC_NO_COMMON_BLOCKS = YES;
				GCC_WARN_64_TO_32_BIT_CONVERSION = YES;
				GCC_WARN_ABOUT_RETURN_TYPE = YES_ERROR;
				GCC_WARN_UNDECLARED_SELECTOR = YES;
				GCC_WARN_UNINITIALIZED_AUTOS = YES_AGGRESSIVE;
				GCC_WARN_UNUSED_FUNCTION = YES;
				GCC_WARN_UNUSED_VARIABLE = YES;
				IPHONEOS_DEPLOYMENT_TARGET = 14.2;
				MTL_ENABLE_DEBUG_INFO = NO;
				MTL_FAST_MATH = YES;
				SDKROOT = iphoneos;
				SWIFT_COMPILATION_MODE = wholemodule;
				SWIFT_OPTIMIZATION_LEVEL = "-O";
				VALIDATE_PRODUCT = YES;
			};
			name = Release;
		};
		B572DF6E2589ABB300D2DBE9 /* Debug */ = {
			isa = XCBuildConfiguration;
			buildSettings = {
				ASSETCATALOG_COMPILER_APPICON_NAME = AppIcon;
				ASSETCATALOG_COMPILER_GLOBAL_ACCENT_COLOR_NAME = AccentColor;
				CODE_SIGN_STYLE = Automatic;
				DEVELOPMENT_TEAM = ZZ7WXSDYMU;
				INFOPLIST_FILE = ChatAppWithFirebase/Info.plist;
				LD_RUNPATH_SEARCH_PATHS = (
					"$(inherited)",
					"@executable_path/Frameworks",
				);
				PRODUCT_BUNDLE_IDENTIFIER = jp.corp86.masakazu.yahata.ChatAppWithFirebase;
				PRODUCT_NAME = "$(TARGET_NAME)";
				SWIFT_VERSION = 5.0;
				TARGETED_DEVICE_FAMILY = "1,2";
			};
			name = Debug;
		};
		B572DF6F2589ABB300D2DBE9 /* Release */ = {
			isa = XCBuildConfiguration;
			buildSettings = {
				ASSETCATALOG_COMPILER_APPICON_NAME = AppIcon;
				ASSETCATALOG_COMPILER_GLOBAL_ACCENT_COLOR_NAME = AccentColor;
				CODE_SIGN_STYLE = Automatic;
				DEVELOPMENT_TEAM = ZZ7WXSDYMU;
				INFOPLIST_FILE = ChatAppWithFirebase/Info.plist;
				LD_RUNPATH_SEARCH_PATHS = (
					"$(inherited)",
					"@executable_path/Frameworks",
				);
				PRODUCT_BUNDLE_IDENTIFIER = jp.corp86.masakazu.yahata.ChatAppWithFirebase;
				PRODUCT_NAME = "$(TARGET_NAME)";
				SWIFT_VERSION = 5.0;
				TARGETED_DEVICE_FAMILY = "1,2";
			};
			name = Release;
		};
		B572DF712589ABB300D2DBE9 /* Debug */ = {
			isa = XCBuildConfiguration;
			buildSettings = {
				ALWAYS_EMBED_SWIFT_STANDARD_LIBRARIES = YES;
				BUNDLE_LOADER = "$(TEST_HOST)";
				CODE_SIGN_STYLE = Automatic;
				DEVELOPMENT_TEAM = ZZ7WXSDYMU;
				INFOPLIST_FILE = ChatAppWithFirebaseTests/Info.plist;
				IPHONEOS_DEPLOYMENT_TARGET = 14.2;
				LD_RUNPATH_SEARCH_PATHS = (
					"$(inherited)",
					"@executable_path/Frameworks",
					"@loader_path/Frameworks",
				);
				PRODUCT_BUNDLE_IDENTIFIER = jp.corp86.masakazu.yahata.ChatAppWithFirebaseTests;
				PRODUCT_NAME = "$(TARGET_NAME)";
				SWIFT_VERSION = 5.0;
				TARGETED_DEVICE_FAMILY = "1,2";
				TEST_HOST = "$(BUILT_PRODUCTS_DIR)/ChatAppWithFirebase.app/ChatAppWithFirebase";
			};
			name = Debug;
		};
		B572DF722589ABB300D2DBE9 /* Release */ = {
			isa = XCBuildConfiguration;
			buildSettings = {
				ALWAYS_EMBED_SWIFT_STANDARD_LIBRARIES = YES;
				BUNDLE_LOADER = "$(TEST_HOST)";
				CODE_SIGN_STYLE = Automatic;
				DEVELOPMENT_TEAM = ZZ7WXSDYMU;
				INFOPLIST_FILE = ChatAppWithFirebaseTests/Info.plist;
				IPHONEOS_DEPLOYMENT_TARGET = 14.2;
				LD_RUNPATH_SEARCH_PATHS = (
					"$(inherited)",
					"@executable_path/Frameworks",
					"@loader_path/Frameworks",
				);
				PRODUCT_BUNDLE_IDENTIFIER = jp.corp86.masakazu.yahata.ChatAppWithFirebaseTests;
				PRODUCT_NAME = "$(TARGET_NAME)";
				SWIFT_VERSION = 5.0;
				TARGETED_DEVICE_FAMILY = "1,2";
				TEST_HOST = "$(BUILT_PRODUCTS_DIR)/ChatAppWithFirebase.app/ChatAppWithFirebase";
			};
			name = Release;
		};
		B572DF742589ABB300D2DBE9 /* Debug */ = {
			isa = XCBuildConfiguration;
			buildSettings = {
				ALWAYS_EMBED_SWIFT_STANDARD_LIBRARIES = YES;
				CODE_SIGN_STYLE = Automatic;
				DEVELOPMENT_TEAM = ZZ7WXSDYMU;
				INFOPLIST_FILE = ChatAppWithFirebaseUITests/Info.plist;
				LD_RUNPATH_SEARCH_PATHS = (
					"$(inherited)",
					"@executable_path/Frameworks",
					"@loader_path/Frameworks",
				);
				PRODUCT_BUNDLE_IDENTIFIER = jp.corp86.masakazu.yahata.ChatAppWithFirebaseUITests;
				PRODUCT_NAME = "$(TARGET_NAME)";
				SWIFT_VERSION = 5.0;
				TARGETED_DEVICE_FAMILY = "1,2";
				TEST_TARGET_NAME = ChatAppWithFirebase;
			};
			name = Debug;
		};
		B572DF752589ABB300D2DBE9 /* Release */ = {
			isa = XCBuildConfiguration;
			buildSettings = {
				ALWAYS_EMBED_SWIFT_STANDARD_LIBRARIES = YES;
				CODE_SIGN_STYLE = Automatic;
				DEVELOPMENT_TEAM = ZZ7WXSDYMU;
				INFOPLIST_FILE = ChatAppWithFirebaseUITests/Info.plist;
				LD_RUNPATH_SEARCH_PATHS = (
					"$(inherited)",
					"@executable_path/Frameworks",
					"@loader_path/Frameworks",
				);
				PRODUCT_BUNDLE_IDENTIFIER = jp.corp86.masakazu.yahata.ChatAppWithFirebaseUITests;
				PRODUCT_NAME = "$(TARGET_NAME)";
				SWIFT_VERSION = 5.0;
				TARGETED_DEVICE_FAMILY = "1,2";
				TEST_TARGET_NAME = ChatAppWithFirebase;
			};
			name = Release;
		};
/* End XCBuildConfiguration section */

/* Begin XCConfigurationList section */
		B572DF3E2589ABB100D2DBE9 /* Build configuration list for PBXProject "ChatAppWithFirebase" */ = {
			isa = XCConfigurationList;
			buildConfigurations = (
				B572DF6B2589ABB300D2DBE9 /* Debug */,
				B572DF6C2589ABB300D2DBE9 /* Release */,
			);
			defaultConfigurationIsVisible = 0;
			defaultConfigurationName = Release;
		};
		B572DF6D2589ABB300D2DBE9 /* Build configuration list for PBXNativeTarget "ChatAppWithFirebase" */ = {
			isa = XCConfigurationList;
			buildConfigurations = (
				B572DF6E2589ABB300D2DBE9 /* Debug */,
				B572DF6F2589ABB300D2DBE9 /* Release */,
			);
			defaultConfigurationIsVisible = 0;
			defaultConfigurationName = Release;
		};
		B572DF702589ABB300D2DBE9 /* Build configuration list for PBXNativeTarget "ChatAppWithFirebaseTests" */ = {
			isa = XCConfigurationList;
			buildConfigurations = (
				B572DF712589ABB300D2DBE9 /* Debug */,
				B572DF722589ABB300D2DBE9 /* Release */,
			);
			defaultConfigurationIsVisible = 0;
			defaultConfigurationName = Release;
		};
		B572DF732589ABB300D2DBE9 /* Build configuration list for PBXNativeTarget "ChatAppWithFirebaseUITests" */ = {
			isa = XCConfigurationList;
			buildConfigurations = (
				B572DF742589ABB300D2DBE9 /* Debug */,
				B572DF752589ABB300D2DBE9 /* Release */,
			);
			defaultConfigurationIsVisible = 0;
			defaultConfigurationName = Release;
		};
/* End XCConfigurationList section */
	};
	rootObject = B572DF3B2589ABB100D2DBE9 /* Project object */;
}
